// !$*UTF8*$!
{
	archiveVersion = 1;
	classes = {
	};
	objectVersion = 55;
	objects = {

/* Begin PBXBuildFile section */
		360610D62768940B004EF795 /* main.swift in Sources */ = {isa = PBXBuildFile; fileRef = 360610D52768940B004EF795 /* main.swift */; };
		36298E14276A2BE300A90377 /* main.swift in Sources */ = {isa = PBXBuildFile; fileRef = 36298E13276A2BE300A90377 /* main.swift */; };
		36298E18276A2E0700A90377 /* ConfigManager.swift in Sources */ = {isa = PBXBuildFile; fileRef = 36298E17276A2E0700A90377 /* ConfigManager.swift */; };
		36298E1A276AD9BF00A90377 /* Autostart.swift in Sources */ = {isa = PBXBuildFile; fileRef = 36298E19276AD9BF00A90377 /* Autostart.swift */; };
		36298E1D276AE1FC00A90377 /* Then in Frameworks */ = {isa = PBXBuildFile; productRef = 36298E1C276AE1FC00A90377 /* Then */; };
		36298E1F276B01C500A90377 /* Alert.swift in Sources */ = {isa = PBXBuildFile; fileRef = 36298E1E276B01C500A90377 /* Alert.swift */; };
		36298E21276B0B5900A90377 /* Server.swift in Sources */ = {isa = PBXBuildFile; fileRef = 36298E20276B0B5900A90377 /* Server.swift */; };
		36298E23276C9EDB00A90377 /* Update.swift in Sources */ = {isa = PBXBuildFile; fileRef = 36298E22276C9EDB00A90377 /* Update.swift */; };
		36298E3F2774891F00A90377 /* main.swift in Sources */ = {isa = PBXBuildFile; fileRef = 36298E3E2774891F00A90377 /* main.swift */; };
		36298E472774898C00A90377 /* me.zhuhaow.Specht2.proxy-helper in Copy XPC Services */ = {isa = PBXBuildFile; fileRef = 36298E3C2774891F00A90377 /* me.zhuhaow.Specht2.proxy-helper */; settings = {ATTRIBUTES = (CodeSignOnCopy, ); }; };
		36298E4B2774940200A90377 /* Server.swift in Sources */ = {isa = PBXBuildFile; fileRef = 36298E4A2774940200A90377 /* Server.swift */; };
		36298E4E2774946B00A90377 /* Constants.swift in Sources */ = {isa = PBXBuildFile; fileRef = 36298E4D2774946B00A90377 /* Constants.swift */; };
		36298E4F2774946F00A90377 /* Constants.swift in Sources */ = {isa = PBXBuildFile; fileRef = 36298E4D2774946B00A90377 /* Constants.swift */; };
		36298E51277497E300A90377 /* ProxyHelper.swift in Sources */ = {isa = PBXBuildFile; fileRef = 36298E50277497E300A90377 /* ProxyHelper.swift */; };
		36298E532774982F00A90377 /* ServiceInterface.swift in Sources */ = {isa = PBXBuildFile; fileRef = 36298E522774982F00A90377 /* ServiceInterface.swift */; };
		36298E542774982F00A90377 /* ServiceInterface.swift in Sources */ = {isa = PBXBuildFile; fileRef = 36298E522774982F00A90377 /* ServiceInterface.swift */; };
		36298E5A2778181600A90377 /* String+LocalizedError.swift in Sources */ = {isa = PBXBuildFile; fileRef = 36298E592778181600A90377 /* String+LocalizedError.swift */; };
		363FB8D627910ED50019C630 /* Endpoint.swift in Sources */ = {isa = PBXBuildFile; fileRef = 363FB8D527910ED50019C630 /* Endpoint.swift */; };
		363FB8D727910ED50019C630 /* Endpoint.swift in Sources */ = {isa = PBXBuildFile; fileRef = 363FB8D527910ED50019C630 /* Endpoint.swift */; };
		369242CA2793DAD800B70B87 /* SwiftyXPC in Frameworks */ = {isa = PBXBuildFile; productRef = 369242C92793DAD800B70B87 /* SwiftyXPC */; };
		369242CC2793DADC00B70B87 /* SwiftyXPC in Frameworks */ = {isa = PBXBuildFile; productRef = 369242CB2793DADC00B70B87 /* SwiftyXPC */; };
		36A843682753B7AA00E6201D /* core.a in Frameworks */ = {isa = PBXBuildFile; fileRef = 36A843672753B79E00E6201D /* core.a */; };
		36B37984276846F700445DF6 /* Sparkle in Frameworks */ = {isa = PBXBuildFile; productRef = 36B37983276846F700445DF6 /* Sparkle */; };
		36B379892768559200445DF6 /* Defaults in Frameworks */ = {isa = PBXBuildFile; productRef = 36B379882768559200445DF6 /* Defaults */; };
		36B37995276856F500445DF6 /* Assets.xcassets in Resources */ = {isa = PBXBuildFile; fileRef = 36B37994276856F500445DF6 /* Assets.xcassets */; };
		36B3799F276859BB00445DF6 /* Specht2LaunchHelper.app in Copy Launch Helper */ = {isa = PBXBuildFile; fileRef = 36B3798E276856F400445DF6 /* Specht2LaunchHelper.app */; settings = {ATTRIBUTES = (RemoveHeadersOnCopy, ); }; };
		36C7958D276A0A2500D3C5F2 /* TaskBarController.swift in Sources */ = {isa = PBXBuildFile; fileRef = 36C7958C276A0A2500D3C5F2 /* TaskBarController.swift */; };
		36DBECF6273CE96B00D4A0DB /* AppDelegate.swift in Sources */ = {isa = PBXBuildFile; fileRef = 36DBECF5273CE96B00D4A0DB /* AppDelegate.swift */; };
		36DBECFA273CE96C00D4A0DB /* Assets.xcassets in Resources */ = {isa = PBXBuildFile; fileRef = 36DBECF9273CE96C00D4A0DB /* Assets.xcassets */; };
		36DBED08273CE96C00D4A0DB /* Specht2Tests.swift in Sources */ = {isa = PBXBuildFile; fileRef = 36DBED07273CE96C00D4A0DB /* Specht2Tests.swift */; };
		36FFDC4B279260A9009FB8F4 /* Service.swift in Sources */ = {isa = PBXBuildFile; fileRef = 36FFDC4A279260A9009FB8F4 /* Service.swift */; };
		36FFDC4D2792CB87009FB8F4 /* core.a in Frameworks */ = {isa = PBXBuildFile; fileRef = 36A843672753B79E00E6201D /* core.a */; };
/* End PBXBuildFile section */

/* Begin PBXContainerItemProxy section */
		36298E432774894100A90377 /* PBXContainerItemProxy */ = {
			isa = PBXContainerItemProxy;
			containerPortal = 36DBECEA273CE96B00D4A0DB /* Project object */;
			proxyType = 1;
			remoteGlobalIDString = 36298E3B2774891F00A90377;
			remoteInfo = "me.zhuhaow.proxy-helper";
		};
		36AD80CC2780116E00417A11 /* PBXContainerItemProxy */ = {
			isa = PBXContainerItemProxy;
			containerPortal = 36DBECEA273CE96B00D4A0DB /* Project object */;
			proxyType = 1;
			remoteGlobalIDString = 36B3798D276856F400445DF6;
			remoteInfo = Specht2LaunchHelper;
		};
		36DBED04273CE96C00D4A0DB /* PBXContainerItemProxy */ = {
			isa = PBXContainerItemProxy;
			containerPortal = 36DBECEA273CE96B00D4A0DB /* Project object */;
			proxyType = 1;
			remoteGlobalIDString = 36DBECF1273CE96B00D4A0DB;
			remoteInfo = Specht2;
		};
/* End PBXContainerItemProxy section */

/* Begin PBXCopyFilesBuildPhase section */
		36298E3A2774891F00A90377 /* CopyFiles */ = {
			isa = PBXCopyFilesBuildPhase;
			buildActionMask = 2147483647;
			dstPath = /usr/share/man/man1/;
			dstSubfolderSpec = 0;
			files = (
			);
			runOnlyForDeploymentPostprocessing = 1;
		};
		36298E452774894500A90377 /* Copy XPC Services */ = {
			isa = PBXCopyFilesBuildPhase;
			buildActionMask = 2147483647;
			dstPath = Contents/Library/LaunchServices;
			dstSubfolderSpec = 1;
			files = (
				36298E472774898C00A90377 /* me.zhuhaow.Specht2.proxy-helper in Copy XPC Services */,
			);
			name = "Copy XPC Services";
			runOnlyForDeploymentPostprocessing = 0;
		};
		36B3799E2768599700445DF6 /* Copy Launch Helper */ = {
			isa = PBXCopyFilesBuildPhase;
			buildActionMask = 12;
			dstPath = Contents/Library/LoginItems;
			dstSubfolderSpec = 1;
			files = (
				36B3799F276859BB00445DF6 /* Specht2LaunchHelper.app in Copy Launch Helper */,
			);
			name = "Copy Launch Helper";
			runOnlyForDeploymentPostprocessing = 0;
		};
/* End PBXCopyFilesBuildPhase section */

/* Begin PBXFileReference section */
		360610D52768940B004EF795 /* main.swift */ = {isa = PBXFileReference; lastKnownFileType = sourcecode.swift; path = main.swift; sourceTree = "<group>"; };
		36298E13276A2BE300A90377 /* main.swift */ = {isa = PBXFileReference; lastKnownFileType = sourcecode.swift; path = main.swift; sourceTree = "<group>"; };
		36298E15276A2C8500A90377 /* Info.plist */ = {isa = PBXFileReference; lastKnownFileType = text.plist; path = Info.plist; sourceTree = "<group>"; };
		36298E17276A2E0700A90377 /* ConfigManager.swift */ = {isa = PBXFileReference; lastKnownFileType = sourcecode.swift; path = ConfigManager.swift; sourceTree = "<group>"; };
		36298E19276AD9BF00A90377 /* Autostart.swift */ = {isa = PBXFileReference; lastKnownFileType = sourcecode.swift; path = Autostart.swift; sourceTree = "<group>"; };
		36298E1E276B01C500A90377 /* Alert.swift */ = {isa = PBXFileReference; lastKnownFileType = sourcecode.swift; path = Alert.swift; sourceTree = "<group>"; };
		36298E20276B0B5900A90377 /* Server.swift */ = {isa = PBXFileReference; lastKnownFileType = sourcecode.swift; path = Server.swift; sourceTree = "<group>"; };
		36298E22276C9EDB00A90377 /* Update.swift */ = {isa = PBXFileReference; lastKnownFileType = sourcecode.swift; path = Update.swift; sourceTree = "<group>"; };
		36298E3C2774891F00A90377 /* me.zhuhaow.Specht2.proxy-helper */ = {isa = PBXFileReference; explicitFileType = "compiled.mach-o.executable"; includeInIndex = 0; path = "me.zhuhaow.Specht2.proxy-helper"; sourceTree = BUILT_PRODUCTS_DIR; };
		36298E3E2774891F00A90377 /* main.swift */ = {isa = PBXFileReference; lastKnownFileType = sourcecode.swift; path = main.swift; sourceTree = "<group>"; };
		36298E4827748D8F00A90377 /* Info.plist */ = {isa = PBXFileReference; lastKnownFileType = text.plist.xml; path = Info.plist; sourceTree = "<group>"; };
		36298E4927748E3200A90377 /* launchd.plist */ = {isa = PBXFileReference; lastKnownFileType = text.plist.xml; path = launchd.plist; sourceTree = "<group>"; };
		36298E4A2774940200A90377 /* Server.swift */ = {isa = PBXFileReference; lastKnownFileType = sourcecode.swift; path = Server.swift; sourceTree = "<group>"; };
		36298E4D2774946B00A90377 /* Constants.swift */ = {isa = PBXFileReference; lastKnownFileType = sourcecode.swift; path = Constants.swift; sourceTree = "<group>"; };
		36298E50277497E300A90377 /* ProxyHelper.swift */ = {isa = PBXFileReference; lastKnownFileType = sourcecode.swift; path = ProxyHelper.swift; sourceTree = "<group>"; };
		36298E522774982F00A90377 /* ServiceInterface.swift */ = {isa = PBXFileReference; lastKnownFileType = sourcecode.swift; path = ServiceInterface.swift; sourceTree = "<group>"; };
		36298E562775728700A90377 /* bridge-header.h */ = {isa = PBXFileReference; lastKnownFileType = sourcecode.c.h; path = "bridge-header.h"; sourceTree = "<group>"; };
		36298E592778181600A90377 /* String+LocalizedError.swift */ = {isa = PBXFileReference; lastKnownFileType = sourcecode.swift; path = "String+LocalizedError.swift"; sourceTree = "<group>"; };
		36298E5F277F0FF000A90377 /* uninstall.sh */ = {isa = PBXFileReference; lastKnownFileType = text.script.sh; path = uninstall.sh; sourceTree = "<group>"; };
		363FB8D527910ED50019C630 /* Endpoint.swift */ = {isa = PBXFileReference; lastKnownFileType = sourcecode.swift; path = Endpoint.swift; sourceTree = "<group>"; };
		36A8435D27528E6F00E6201D /* Specht2-Bridging-Header.h */ = {isa = PBXFileReference; lastKnownFileType = sourcecode.c.h; path = "Specht2-Bridging-Header.h"; sourceTree = "<group>"; };
		36A843672753B79E00E6201D /* core.a */ = {isa = PBXFileReference; lastKnownFileType = archive.ar; name = core.a; path = Specht2/core.a; sourceTree = "<group>"; };
		36AD80CE2780273B00417A11 /* Specht2.entitlements */ = {isa = PBXFileReference; lastKnownFileType = text.plist.entitlements; path = Specht2.entitlements; sourceTree = "<group>"; };
		36B3798E276856F400445DF6 /* Specht2LaunchHelper.app */ = {isa = PBXFileReference; explicitFileType = wrapper.application; includeInIndex = 0; path = Specht2LaunchHelper.app; sourceTree = BUILT_PRODUCTS_DIR; };
		36B37994276856F500445DF6 /* Assets.xcassets */ = {isa = PBXFileReference; lastKnownFileType = folder.assetcatalog; path = Assets.xcassets; sourceTree = "<group>"; };
		36B37999276856F500445DF6 /* LaunchHelper.entitlements */ = {isa = PBXFileReference; lastKnownFileType = text.plist.entitlements; path = LaunchHelper.entitlements; sourceTree = "<group>"; };
		36B3799D2768594500445DF6 /* Info.plist */ = {isa = PBXFileReference; lastKnownFileType = text.plist; path = Info.plist; sourceTree = "<group>"; };
		36C7958C276A0A2500D3C5F2 /* TaskBarController.swift */ = {isa = PBXFileReference; lastKnownFileType = sourcecode.swift; path = TaskBarController.swift; sourceTree = "<group>"; };
		36DBECF2273CE96B00D4A0DB /* Specht2.app */ = {isa = PBXFileReference; explicitFileType = wrapper.application; includeInIndex = 0; path = Specht2.app; sourceTree = BUILT_PRODUCTS_DIR; };
		36DBECF5273CE96B00D4A0DB /* AppDelegate.swift */ = {isa = PBXFileReference; lastKnownFileType = sourcecode.swift; path = AppDelegate.swift; sourceTree = "<group>"; };
		36DBECF9273CE96C00D4A0DB /* Assets.xcassets */ = {isa = PBXFileReference; lastKnownFileType = folder.assetcatalog; path = Assets.xcassets; sourceTree = "<group>"; };
		36DBED03273CE96C00D4A0DB /* Specht2Tests.xctest */ = {isa = PBXFileReference; explicitFileType = wrapper.cfbundle; includeInIndex = 0; path = Specht2Tests.xctest; sourceTree = BUILT_PRODUCTS_DIR; };
		36DBED07273CE96C00D4A0DB /* Specht2Tests.swift */ = {isa = PBXFileReference; lastKnownFileType = sourcecode.swift; path = Specht2Tests.swift; sourceTree = "<group>"; };
		36DBED3D273D0A7100D4A0DB /* NetworkExtension.framework */ = {isa = PBXFileReference; lastKnownFileType = wrapper.framework; name = NetworkExtension.framework; path = System/Library/Frameworks/NetworkExtension.framework; sourceTree = SDKROOT; };
		36FFDC4A279260A9009FB8F4 /* Service.swift */ = {isa = PBXFileReference; lastKnownFileType = sourcecode.swift; path = Service.swift; sourceTree = "<group>"; };
/* End PBXFileReference section */

/* Begin PBXFrameworksBuildPhase section */
		36298E392774891F00A90377 /* Frameworks */ = {
			isa = PBXFrameworksBuildPhase;
			buildActionMask = 2147483647;
			files = (
				369242CC2793DADC00B70B87 /* SwiftyXPC in Frameworks */,
				36FFDC4D2792CB87009FB8F4 /* core.a in Frameworks */,
			);
			runOnlyForDeploymentPostprocessing = 0;
		};
		36B3798B276856F400445DF6 /* Frameworks */ = {
			isa = PBXFrameworksBuildPhase;
			buildActionMask = 2147483647;
			files = (
			);
			runOnlyForDeploymentPostprocessing = 0;
		};
		36DBECEF273CE96B00D4A0DB /* Frameworks */ = {
			isa = PBXFrameworksBuildPhase;
			buildActionMask = 2147483647;
			files = (
				36B379892768559200445DF6 /* Defaults in Frameworks */,
				36A843682753B7AA00E6201D /* core.a in Frameworks */,
				36B37984276846F700445DF6 /* Sparkle in Frameworks */,
				369242CA2793DAD800B70B87 /* SwiftyXPC in Frameworks */,
				36298E1D276AE1FC00A90377 /* Then in Frameworks */,
			);
			runOnlyForDeploymentPostprocessing = 0;
		};
		36DBED00273CE96C00D4A0DB /* Frameworks */ = {
			isa = PBXFrameworksBuildPhase;
			buildActionMask = 2147483647;
			files = (
			);
			runOnlyForDeploymentPostprocessing = 0;
		};
/* End PBXFrameworksBuildPhase section */

/* Begin PBXGroup section */
		36298E3D2774891F00A90377 /* me.zhuhaow.Specht2.proxy-helper */ = {
			isa = PBXGroup;
			children = (
				36298E3E2774891F00A90377 /* main.swift */,
				36298E4827748D8F00A90377 /* Info.plist */,
				36298E4927748E3200A90377 /* launchd.plist */,
				36298E4A2774940200A90377 /* Server.swift */,
				36298E50277497E300A90377 /* ProxyHelper.swift */,
				36298E562775728700A90377 /* bridge-header.h */,
			);
			path = "me.zhuhaow.Specht2.proxy-helper";
			sourceTree = "<group>";
		};
		36298E4C2774944400A90377 /* ProxyHelperCommon */ = {
			isa = PBXGroup;
			children = (
				36298E4D2774946B00A90377 /* Constants.swift */,
				36298E522774982F00A90377 /* ServiceInterface.swift */,
				363FB8D527910ED50019C630 /* Endpoint.swift */,
			);
			path = ProxyHelperCommon;
			sourceTree = "<group>";
		};
		36298E5B277856FC00A90377 /* SupportFeatures */ = {
			isa = PBXGroup;
			children = (
				36298E19276AD9BF00A90377 /* Autostart.swift */,
				36298E22276C9EDB00A90377 /* Update.swift */,
			);
			path = SupportFeatures;
			sourceTree = "<group>";
		};
		36298E5C27785C6400A90377 /* Utilities */ = {
			isa = PBXGroup;
			children = (
				36298E592778181600A90377 /* String+LocalizedError.swift */,
				36298E1E276B01C500A90377 /* Alert.swift */,
			);
			path = Utilities;
			sourceTree = "<group>";
		};
		36298E5D27786E0900A90377 /* Server */ = {
			isa = PBXGroup;
			children = (
				36298E17276A2E0700A90377 /* ConfigManager.swift */,
				36298E20276B0B5900A90377 /* Server.swift */,
				36FFDC4A279260A9009FB8F4 /* Service.swift */,
			);
			path = Server;
			sourceTree = "<group>";
		};
		36B3798F276856F400445DF6 /* LaunchHelper */ = {
			isa = PBXGroup;
			children = (
				36B3799D2768594500445DF6 /* Info.plist */,
				360610D52768940B004EF795 /* main.swift */,
				36B37994276856F500445DF6 /* Assets.xcassets */,
				36B37999276856F500445DF6 /* LaunchHelper.entitlements */,
			);
			path = LaunchHelper;
			sourceTree = "<group>";
		};
		36DBECE9273CE96B00D4A0DB = {
			isa = PBXGroup;
			children = (
				36298E5F277F0FF000A90377 /* uninstall.sh */,
				36298E4C2774944400A90377 /* ProxyHelperCommon */,
				36DBECF4273CE96B00D4A0DB /* Specht2 */,
				36DBED06273CE96C00D4A0DB /* Specht2Tests */,
				36B3798F276856F400445DF6 /* LaunchHelper */,
				36298E3D2774891F00A90377 /* me.zhuhaow.Specht2.proxy-helper */,
				36DBED3C273D0A7100D4A0DB /* Frameworks */,
				36DBECF3273CE96B00D4A0DB /* Products */,
			);
			sourceTree = "<group>";
		};
		36DBECF3273CE96B00D4A0DB /* Products */ = {
			isa = PBXGroup;
			children = (
				36DBECF2273CE96B00D4A0DB /* Specht2.app */,
				36DBED03273CE96C00D4A0DB /* Specht2Tests.xctest */,
				36B3798E276856F400445DF6 /* Specht2LaunchHelper.app */,
				36298E3C2774891F00A90377 /* me.zhuhaow.Specht2.proxy-helper */,
			);
			name = Products;
			sourceTree = "<group>";
		};
		36DBECF4273CE96B00D4A0DB /* Specht2 */ = {
			isa = PBXGroup;
			children = (
				36AD80CE2780273B00417A11 /* Specht2.entitlements */,
				36298E5D27786E0900A90377 /* Server */,
				36298E5C27785C6400A90377 /* Utilities */,
				36298E5B277856FC00A90377 /* SupportFeatures */,
				36298E15276A2C8500A90377 /* Info.plist */,
				36DBECF5273CE96B00D4A0DB /* AppDelegate.swift */,
				36A8435D27528E6F00E6201D /* Specht2-Bridging-Header.h */,
				36DBECF9273CE96C00D4A0DB /* Assets.xcassets */,
				36C7958C276A0A2500D3C5F2 /* TaskBarController.swift */,
				36298E13276A2BE300A90377 /* main.swift */,
			);
			path = Specht2;
			sourceTree = "<group>";
		};
		36DBED06273CE96C00D4A0DB /* Specht2Tests */ = {
			isa = PBXGroup;
			children = (
				36DBED07273CE96C00D4A0DB /* Specht2Tests.swift */,
			);
			path = Specht2Tests;
			sourceTree = "<group>";
		};
		36DBED3C273D0A7100D4A0DB /* Frameworks */ = {
			isa = PBXGroup;
			children = (
				36A843672753B79E00E6201D /* core.a */,
				36DBED3D273D0A7100D4A0DB /* NetworkExtension.framework */,
			);
			name = Frameworks;
			sourceTree = "<group>";
		};
/* End PBXGroup section */

/* Begin PBXNativeTarget section */
		36298E3B2774891F00A90377 /* me.zhuhaow.Specht2.proxy-helper */ = {
			isa = PBXNativeTarget;
			buildConfigurationList = 36298E402774891F00A90377 /* Build configuration list for PBXNativeTarget "me.zhuhaow.Specht2.proxy-helper" */;
			buildPhases = (
				36FFDC4C2792B6EA009FB8F4 /* Generate binding header */,
				36FFDC4E2792CBAC009FB8F4 /* ShellScript */,
				36298E382774891F00A90377 /* Sources */,
				36298E392774891F00A90377 /* Frameworks */,
				36298E3A2774891F00A90377 /* CopyFiles */,
			);
			buildRules = (
			);
			dependencies = (
			);
			name = "me.zhuhaow.Specht2.proxy-helper";
			packageProductDependencies = (
				369242CB2793DADC00B70B87 /* SwiftyXPC */,
			);
			productName = "me.zhuhaow.proxy-helper";
			productReference = 36298E3C2774891F00A90377 /* me.zhuhaow.Specht2.proxy-helper */;
			productType = "com.apple.product-type.tool";
		};
		36B3798D276856F400445DF6 /* Specht2LaunchHelper */ = {
			isa = PBXNativeTarget;
			buildConfigurationList = 36B3799A276856F500445DF6 /* Build configuration list for PBXNativeTarget "Specht2LaunchHelper" */;
			buildPhases = (
				36B3798A276856F400445DF6 /* Sources */,
				36B3798B276856F400445DF6 /* Frameworks */,
				36B3798C276856F400445DF6 /* Resources */,
			);
			buildRules = (
			);
			dependencies = (
			);
			name = Specht2LaunchHelper;
			productName = LaunchHelper;
			productReference = 36B3798E276856F400445DF6 /* Specht2LaunchHelper.app */;
			productType = "com.apple.product-type.application";
		};
		36DBECF1273CE96B00D4A0DB /* Specht2 */ = {
			isa = PBXNativeTarget;
			buildConfigurationList = 36DBED17273CE96C00D4A0DB /* Build configuration list for PBXNativeTarget "Specht2" */;
			buildPhases = (
				36A8436027528F1C00E6201D /* Generate binding header */,
				36A84361275338C600E6201D /* Compile core */,
				36DBECEE273CE96B00D4A0DB /* Sources */,
				36DBECEF273CE96B00D4A0DB /* Frameworks */,
				36DBECF0273CE96B00D4A0DB /* Resources */,
				36B3799E2768599700445DF6 /* Copy Launch Helper */,
				36298E452774894500A90377 /* Copy XPC Services */,
			);
			buildRules = (
			);
			dependencies = (
				36AD80CD2780116E00417A11 /* PBXTargetDependency */,
				36298E442774894100A90377 /* PBXTargetDependency */,
			);
			name = Specht2;
			packageProductDependencies = (
				36B37983276846F700445DF6 /* Sparkle */,
				36B379882768559200445DF6 /* Defaults */,
				36298E1C276AE1FC00A90377 /* Then */,
				369242C92793DAD800B70B87 /* SwiftyXPC */,
			);
			productName = Specht2;
			productReference = 36DBECF2273CE96B00D4A0DB /* Specht2.app */;
			productType = "com.apple.product-type.application";
		};
		36DBED02273CE96C00D4A0DB /* Specht2Tests */ = {
			isa = PBXNativeTarget;
			buildConfigurationList = 36DBED1A273CE96C00D4A0DB /* Build configuration list for PBXNativeTarget "Specht2Tests" */;
			buildPhases = (
				36DBECFF273CE96C00D4A0DB /* Sources */,
				36DBED00273CE96C00D4A0DB /* Frameworks */,
				36DBED01273CE96C00D4A0DB /* Resources */,
			);
			buildRules = (
			);
			dependencies = (
				36DBED05273CE96C00D4A0DB /* PBXTargetDependency */,
			);
			name = Specht2Tests;
			productName = Specht2Tests;
			productReference = 36DBED03273CE96C00D4A0DB /* Specht2Tests.xctest */;
			productType = "com.apple.product-type.bundle.unit-test";
		};
/* End PBXNativeTarget section */

/* Begin PBXProject section */
		36DBECEA273CE96B00D4A0DB /* Project object */ = {
			isa = PBXProject;
			attributes = {
				BuildIndependentTargetsInParallel = 1;
				LastSwiftUpdateCheck = 1320;
				LastUpgradeCheck = 1320;
				TargetAttributes = {
					36298E3B2774891F00A90377 = {
						CreatedOnToolsVersion = 13.2;
					};
					36B3798D276856F400445DF6 = {
						CreatedOnToolsVersion = 13.1;
					};
					36DBECF1273CE96B00D4A0DB = {
						CreatedOnToolsVersion = 13.1;
					};
					36DBED02273CE96C00D4A0DB = {
						CreatedOnToolsVersion = 13.1;
						TestTargetID = 36DBECF1273CE96B00D4A0DB;
					};
				};
			};
			buildConfigurationList = 36DBECED273CE96B00D4A0DB /* Build configuration list for PBXProject "Specht2" */;
			compatibilityVersion = "Xcode 13.0";
			developmentRegion = en;
			hasScannedForEncodings = 0;
			knownRegions = (
				en,
				Base,
			);
			mainGroup = 36DBECE9273CE96B00D4A0DB;
			packageReferences = (
				36B37982276846F700445DF6 /* XCRemoteSwiftPackageReference "Sparkle" */,
				36B379852768523F00445DF6 /* XCRemoteSwiftPackageReference "Defaults" */,
				36298E1B276AE04200A90377 /* XCRemoteSwiftPackageReference "Then" */,
				36FFDC512793D0FE009FB8F4 /* XCRemoteSwiftPackageReference "SwiftyXPC" */,
			);
			productRefGroup = 36DBECF3273CE96B00D4A0DB /* Products */;
			projectDirPath = "";
			projectRoot = "";
			targets = (
				36DBECF1273CE96B00D4A0DB /* Specht2 */,
				36DBED02273CE96C00D4A0DB /* Specht2Tests */,
				36B3798D276856F400445DF6 /* Specht2LaunchHelper */,
				36298E3B2774891F00A90377 /* me.zhuhaow.Specht2.proxy-helper */,
			);
		};
/* End PBXProject section */

/* Begin PBXResourcesBuildPhase section */
		36B3798C276856F400445DF6 /* Resources */ = {
			isa = PBXResourcesBuildPhase;
			buildActionMask = 2147483647;
			files = (
				36B37995276856F500445DF6 /* Assets.xcassets in Resources */,
			);
			runOnlyForDeploymentPostprocessing = 0;
		};
		36DBECF0273CE96B00D4A0DB /* Resources */ = {
			isa = PBXResourcesBuildPhase;
			buildActionMask = 2147483647;
			files = (
				36DBECFA273CE96C00D4A0DB /* Assets.xcassets in Resources */,
			);
			runOnlyForDeploymentPostprocessing = 0;
		};
		36DBED01273CE96C00D4A0DB /* Resources */ = {
			isa = PBXResourcesBuildPhase;
			buildActionMask = 2147483647;
			files = (
			);
			runOnlyForDeploymentPostprocessing = 0;
		};
/* End PBXResourcesBuildPhase section */

/* Begin PBXShellScriptBuildPhase section */
		36A8436027528F1C00E6201D /* Generate binding header */ = {
			isa = PBXShellScriptBuildPhase;
			alwaysOutOfDate = 1;
			buildActionMask = 2147483647;
			files = (
			);
			inputFileListPaths = (
			);
			inputPaths = (
			);
			name = "Generate binding header";
			outputFileListPaths = (
			);
			outputPaths = (
			);
			runOnlyForDeploymentPostprocessing = 0;
			shellPath = /bin/sh;
			shellScript = "# Type a script or drag a script file from your workspace to insert its path.\nset -e\n\nexport PATH=\"$HOME/.cargo/bin:$PATH\"\n\ncd \"${SRCROOT}/../core\"\ncbindgen --output \"${SRCROOT}/Specht2/core.h\"\n";
		};
		36A84361275338C600E6201D /* Compile core */ = {
			isa = PBXShellScriptBuildPhase;
			alwaysOutOfDate = 1;
			buildActionMask = 2147483647;
			files = (
			);
			inputFileListPaths = (
			);
			inputPaths = (
			);
			name = "Compile core";
			outputFileListPaths = (
			);
			outputPaths = (
			);
			runOnlyForDeploymentPostprocessing = 0;
			shellPath = /bin/sh;
			shellScript = "# Type a script or drag a script file from your workspace to insert its path.\nset -e\n\nexport PATH=\"$HOME/.cargo/bin:$PATH\"\n\n\"${SRCROOT}/bin/build_core.sh\"\n";
		};
		36FFDC4C2792B6EA009FB8F4 /* Generate binding header */ = {
			isa = PBXShellScriptBuildPhase;
			alwaysOutOfDate = 1;
			buildActionMask = 2147483647;
			files = (
			);
			inputFileListPaths = (
			);
			inputPaths = (
			);
			name = "Generate binding header";
			outputFileListPaths = (
			);
			outputPaths = (
			);
			runOnlyForDeploymentPostprocessing = 0;
			shellPath = /bin/sh;
			shellScript = "# Type a script or drag a script file from your workspace to insert its path.\nset -e\n\nexport PATH=\"$HOME/.cargo/bin:$PATH\"\n\ncd \"${SRCROOT}/../core\"\ncbindgen --output \"${SRCROOT}/me.zhuhaow.Specht2.proxy-helper/core.h\"\n";
		};
		36FFDC4E2792CBAC009FB8F4 /* ShellScript */ = {
			isa = PBXShellScriptBuildPhase;
			buildActionMask = 2147483647;
			files = (
			);
			inputFileListPaths = (
			);
			inputPaths = (
			);
			outputFileListPaths = (
			);
			outputPaths = (
			);
			runOnlyForDeploymentPostprocessing = 0;
			shellPath = /bin/sh;
			shellScript = "# Type a script or drag a script file from your workspace to insert its path.\nset -e\n\nexport PATH=\"$HOME/.cargo/bin:$PATH\"\n\n\"${SRCROOT}/bin/build_core.sh\"\n";
		};
/* End PBXShellScriptBuildPhase section */

/* Begin PBXSourcesBuildPhase section */
		36298E382774891F00A90377 /* Sources */ = {
			isa = PBXSourcesBuildPhase;
			buildActionMask = 2147483647;
			files = (
				36298E4B2774940200A90377 /* Server.swift in Sources */,
				36298E3F2774891F00A90377 /* main.swift in Sources */,
				36298E51277497E300A90377 /* ProxyHelper.swift in Sources */,
				36298E542774982F00A90377 /* ServiceInterface.swift in Sources */,
				363FB8D727910ED50019C630 /* Endpoint.swift in Sources */,
				36298E4E2774946B00A90377 /* Constants.swift in Sources */,
			);
			runOnlyForDeploymentPostprocessing = 0;
		};
		36B3798A276856F400445DF6 /* Sources */ = {
			isa = PBXSourcesBuildPhase;
			buildActionMask = 2147483647;
			files = (
				360610D62768940B004EF795 /* main.swift in Sources */,
			);
			runOnlyForDeploymentPostprocessing = 0;
		};
		36DBECEE273CE96B00D4A0DB /* Sources */ = {
			isa = PBXSourcesBuildPhase;
			buildActionMask = 2147483647;
			files = (
				36298E14276A2BE300A90377 /* main.swift in Sources */,
				36FFDC4B279260A9009FB8F4 /* Service.swift in Sources */,
				36C7958D276A0A2500D3C5F2 /* TaskBarController.swift in Sources */,
				36298E23276C9EDB00A90377 /* Update.swift in Sources */,
				363FB8D627910ED50019C630 /* Endpoint.swift in Sources */,
				36298E5A2778181600A90377 /* String+LocalizedError.swift in Sources */,
				36298E532774982F00A90377 /* ServiceInterface.swift in Sources */,
				36298E18276A2E0700A90377 /* ConfigManager.swift in Sources */,
				36298E4F2774946F00A90377 /* Constants.swift in Sources */,
				36DBECF6273CE96B00D4A0DB /* AppDelegate.swift in Sources */,
				36298E1A276AD9BF00A90377 /* Autostart.swift in Sources */,
				36298E21276B0B5900A90377 /* Server.swift in Sources */,
				36298E1F276B01C500A90377 /* Alert.swift in Sources */,
			);
			runOnlyForDeploymentPostprocessing = 0;
		};
		36DBECFF273CE96C00D4A0DB /* Sources */ = {
			isa = PBXSourcesBuildPhase;
			buildActionMask = 2147483647;
			files = (
				36DBED08273CE96C00D4A0DB /* Specht2Tests.swift in Sources */,
			);
			runOnlyForDeploymentPostprocessing = 0;
		};
/* End PBXSourcesBuildPhase section */

/* Begin PBXTargetDependency section */
		36298E442774894100A90377 /* PBXTargetDependency */ = {
			isa = PBXTargetDependency;
			target = 36298E3B2774891F00A90377 /* me.zhuhaow.Specht2.proxy-helper */;
			targetProxy = 36298E432774894100A90377 /* PBXContainerItemProxy */;
		};
		36AD80CD2780116E00417A11 /* PBXTargetDependency */ = {
			isa = PBXTargetDependency;
			target = 36B3798D276856F400445DF6 /* Specht2LaunchHelper */;
			targetProxy = 36AD80CC2780116E00417A11 /* PBXContainerItemProxy */;
		};
		36DBED05273CE96C00D4A0DB /* PBXTargetDependency */ = {
			isa = PBXTargetDependency;
			target = 36DBECF1273CE96B00D4A0DB /* Specht2 */;
			targetProxy = 36DBED04273CE96C00D4A0DB /* PBXContainerItemProxy */;
		};
/* End PBXTargetDependency section */

/* Begin XCBuildConfiguration section */
		36298E412774891F00A90377 /* Debug */ = {
			isa = XCBuildConfiguration;
			buildSettings = {
				CODE_SIGN_STYLE = Automatic;
				CREATE_INFOPLIST_SECTION_IN_BINARY = YES;
				DEVELOPMENT_TEAM = H5443445N6;
				ENABLE_HARDENED_RUNTIME = YES;
				INFOPLIST_FILE = "$(SRCROOT)/$(TARGET_NAME)/Info.plist";
				LIBRARY_SEARCH_PATHS = (
					"$(inherited)",
					"$(PROJECT_DIR)/Specht2",
				);
				OTHER_LDFLAGS = (
					"-sectcreate",
					__TEXT,
					__launchd_plist,
					"$(SRCROOT)/${TARGET_NAME}/launchd.plist",
				);
				PRODUCT_BUNDLE_IDENTIFIER = "me.zhuhaow.Specht2.proxy-helper";
				PRODUCT_NAME = "$(TARGET_NAME)";
				SKIP_INSTALL = YES;
				SWIFT_OBJC_BRIDGING_HEADER = "$(SRCROOT)/$(TARGET_NAME)/bridge-header.h";
				SWIFT_VERSION = 5.0;
			};
			name = Debug;
		};
		36298E422774891F00A90377 /* Release */ = {
			isa = XCBuildConfiguration;
			buildSettings = {
				CODE_SIGN_STYLE = Automatic;
				CREATE_INFOPLIST_SECTION_IN_BINARY = YES;
				DEVELOPMENT_TEAM = H5443445N6;
				ENABLE_HARDENED_RUNTIME = YES;
				INFOPLIST_FILE = "$(SRCROOT)/$(TARGET_NAME)/Info.plist";
				LIBRARY_SEARCH_PATHS = (
					"$(inherited)",
					"$(PROJECT_DIR)/Specht2",
				);
				OTHER_LDFLAGS = (
					"-sectcreate",
					__TEXT,
					__launchd_plist,
					"$(SRCROOT)/${TARGET_NAME}/launchd.plist",
				);
				PRODUCT_BUNDLE_IDENTIFIER = "me.zhuhaow.Specht2.proxy-helper";
				PRODUCT_NAME = "$(TARGET_NAME)";
				SKIP_INSTALL = YES;
				SWIFT_OBJC_BRIDGING_HEADER = "$(SRCROOT)/$(TARGET_NAME)/bridge-header.h";
				SWIFT_VERSION = 5.0;
			};
			name = Release;
		};
		36B3799B276856F500445DF6 /* Debug */ = {
			isa = XCBuildConfiguration;
			buildSettings = {
				ASSETCATALOG_COMPILER_APPICON_NAME = AppIcon;
				ASSETCATALOG_COMPILER_GLOBAL_ACCENT_COLOR_NAME = AccentColor;
				CODE_SIGN_ENTITLEMENTS = LaunchHelper/LaunchHelper.entitlements;
				CODE_SIGN_IDENTITY = "Apple Development";
				CODE_SIGN_STYLE = Automatic;
				COMBINE_HIDPI_IMAGES = YES;
				CURRENT_PROJECT_VERSION = 1;
				DEVELOPMENT_ASSET_PATHS = "";
				DEVELOPMENT_TEAM = H5443445N6;
				ENABLE_HARDENED_RUNTIME = YES;
				ENABLE_PREVIEWS = YES;
				GENERATE_INFOPLIST_FILE = YES;
				INFOPLIST_FILE = LaunchHelper/Info.plist;
				INFOPLIST_KEY_LSApplicationCategoryType = "public.app-category.utilities";
				INFOPLIST_KEY_NSHumanReadableCopyright = "";
				LD_RUNPATH_SEARCH_PATHS = (
					"$(inherited)",
					"@executable_path/../Frameworks",
				);
				MARKETING_VERSION = 1.0;
				PRODUCT_BUNDLE_IDENTIFIER = me.zhuhaow.Specht2.Specht2LaunchHelper;
				PRODUCT_NAME = "$(TARGET_NAME)";
				SKIP_INSTALL = YES;
				SWIFT_EMIT_LOC_STRINGS = YES;
				SWIFT_VERSION = 5.0;
			};
			name = Debug;
		};
		36B3799C276856F500445DF6 /* Release */ = {
			isa = XCBuildConfiguration;
			buildSettings = {
				ASSETCATALOG_COMPILER_APPICON_NAME = AppIcon;
				ASSETCATALOG_COMPILER_GLOBAL_ACCENT_COLOR_NAME = AccentColor;
				CODE_SIGN_ENTITLEMENTS = LaunchHelper/LaunchHelper.entitlements;
				CODE_SIGN_IDENTITY = "Apple Development";
				CODE_SIGN_STYLE = Automatic;
				COMBINE_HIDPI_IMAGES = YES;
				CURRENT_PROJECT_VERSION = 1;
				DEVELOPMENT_ASSET_PATHS = "";
				DEVELOPMENT_TEAM = H5443445N6;
				ENABLE_HARDENED_RUNTIME = YES;
				ENABLE_PREVIEWS = YES;
				GENERATE_INFOPLIST_FILE = YES;
				INFOPLIST_FILE = LaunchHelper/Info.plist;
				INFOPLIST_KEY_LSApplicationCategoryType = "public.app-category.utilities";
				INFOPLIST_KEY_NSHumanReadableCopyright = "";
				LD_RUNPATH_SEARCH_PATHS = (
					"$(inherited)",
					"@executable_path/../Frameworks",
				);
				MARKETING_VERSION = 1.0;
				PRODUCT_BUNDLE_IDENTIFIER = me.zhuhaow.Specht2.Specht2LaunchHelper;
				PRODUCT_NAME = "$(TARGET_NAME)";
				SKIP_INSTALL = YES;
				SWIFT_EMIT_LOC_STRINGS = YES;
				SWIFT_VERSION = 5.0;
			};
			name = Release;
		};
		36DBED15273CE96C00D4A0DB /* Debug */ = {
			isa = XCBuildConfiguration;
			buildSettings = {
				ALWAYS_SEARCH_USER_PATHS = NO;
				CLANG_ANALYZER_NONNULL = YES;
				CLANG_ANALYZER_NUMBER_OBJECT_CONVERSION = YES_AGGRESSIVE;
				CLANG_CXX_LANGUAGE_STANDARD = "gnu++17";
				CLANG_CXX_LIBRARY = "libc++";
				CLANG_ENABLE_MODULES = YES;
				CLANG_ENABLE_OBJC_ARC = YES;
				CLANG_ENABLE_OBJC_WEAK = YES;
				CLANG_WARN_BLOCK_CAPTURE_AUTORELEASING = YES;
				CLANG_WARN_BOOL_CONVERSION = YES;
				CLANG_WARN_COMMA = YES;
				CLANG_WARN_CONSTANT_CONVERSION = YES;
				CLANG_WARN_DEPRECATED_OBJC_IMPLEMENTATIONS = YES;
				CLANG_WARN_DIRECT_OBJC_ISA_USAGE = YES_ERROR;
				CLANG_WARN_DOCUMENTATION_COMMENTS = YES;
				CLANG_WARN_EMPTY_BODY = YES;
				CLANG_WARN_ENUM_CONVERSION = YES;
				CLANG_WARN_INFINITE_RECURSION = YES;
				CLANG_WARN_INT_CONVERSION = YES;
				CLANG_WARN_NON_LITERAL_NULL_CONVERSION = YES;
				CLANG_WARN_OBJC_IMPLICIT_RETAIN_SELF = YES;
				CLANG_WARN_OBJC_LITERAL_CONVERSION = YES;
				CLANG_WARN_OBJC_ROOT_CLASS = YES_ERROR;
				CLANG_WARN_QUOTED_INCLUDE_IN_FRAMEWORK_HEADER = YES;
				CLANG_WARN_RANGE_LOOP_ANALYSIS = YES;
				CLANG_WARN_STRICT_PROTOTYPES = YES;
				CLANG_WARN_SUSPICIOUS_MOVE = YES;
				CLANG_WARN_UNGUARDED_AVAILABILITY = YES_AGGRESSIVE;
				CLANG_WARN_UNREACHABLE_CODE = YES;
				CLANG_WARN__DUPLICATE_METHOD_MATCH = YES;
				COPY_PHASE_STRIP = NO;
				DEBUG_INFORMATION_FORMAT = dwarf;
				ENABLE_STRICT_OBJC_MSGSEND = YES;
				ENABLE_TESTABILITY = YES;
				GCC_C_LANGUAGE_STANDARD = gnu11;
				GCC_DYNAMIC_NO_PIC = NO;
				GCC_NO_COMMON_BLOCKS = YES;
				GCC_OPTIMIZATION_LEVEL = 0;
				GCC_PREPROCESSOR_DEFINITIONS = (
					"DEBUG=1",
					"$(inherited)",
				);
				GCC_WARN_64_TO_32_BIT_CONVERSION = YES;
				GCC_WARN_ABOUT_RETURN_TYPE = YES_ERROR;
				GCC_WARN_UNDECLARED_SELECTOR = YES;
				GCC_WARN_UNINITIALIZED_AUTOS = YES_AGGRESSIVE;
				GCC_WARN_UNUSED_FUNCTION = YES;
				GCC_WARN_UNUSED_VARIABLE = YES;
				MACOSX_DEPLOYMENT_TARGET = 12.0;
				MTL_ENABLE_DEBUG_INFO = INCLUDE_SOURCE;
				MTL_FAST_MATH = YES;
				ONLY_ACTIVE_ARCH = YES;
				SDKROOT = macosx;
				SWIFT_ACTIVE_COMPILATION_CONDITIONS = DEBUG;
				SWIFT_OPTIMIZATION_LEVEL = "-Onone";
			};
			name = Debug;
		};
		36DBED16273CE96C00D4A0DB /* Release */ = {
			isa = XCBuildConfiguration;
			buildSettings = {
				ALWAYS_SEARCH_USER_PATHS = NO;
				CLANG_ANALYZER_NONNULL = YES;
				CLANG_ANALYZER_NUMBER_OBJECT_CONVERSION = YES_AGGRESSIVE;
				CLANG_CXX_LANGUAGE_STANDARD = "gnu++17";
				CLANG_CXX_LIBRARY = "libc++";
				CLANG_ENABLE_MODULES = YES;
				CLANG_ENABLE_OBJC_ARC = YES;
				CLANG_ENABLE_OBJC_WEAK = YES;
				CLANG_WARN_BLOCK_CAPTURE_AUTORELEASING = YES;
				CLANG_WARN_BOOL_CONVERSION = YES;
				CLANG_WARN_COMMA = YES;
				CLANG_WARN_CONSTANT_CONVERSION = YES;
				CLANG_WARN_DEPRECATED_OBJC_IMPLEMENTATIONS = YES;
				CLANG_WARN_DIRECT_OBJC_ISA_USAGE = YES_ERROR;
				CLANG_WARN_DOCUMENTATION_COMMENTS = YES;
				CLANG_WARN_EMPTY_BODY = YES;
				CLANG_WARN_ENUM_CONVERSION = YES;
				CLANG_WARN_INFINITE_RECURSION = YES;
				CLANG_WARN_INT_CONVERSION = YES;
				CLANG_WARN_NON_LITERAL_NULL_CONVERSION = YES;
				CLANG_WARN_OBJC_IMPLICIT_RETAIN_SELF = YES;
				CLANG_WARN_OBJC_LITERAL_CONVERSION = YES;
				CLANG_WARN_OBJC_ROOT_CLASS = YES_ERROR;
				CLANG_WARN_QUOTED_INCLUDE_IN_FRAMEWORK_HEADER = YES;
				CLANG_WARN_RANGE_LOOP_ANALYSIS = YES;
				CLANG_WARN_STRICT_PROTOTYPES = YES;
				CLANG_WARN_SUSPICIOUS_MOVE = YES;
				CLANG_WARN_UNGUARDED_AVAILABILITY = YES_AGGRESSIVE;
				CLANG_WARN_UNREACHABLE_CODE = YES;
				CLANG_WARN__DUPLICATE_METHOD_MATCH = YES;
				COPY_PHASE_STRIP = NO;
				DEBUG_INFORMATION_FORMAT = "dwarf-with-dsym";
				ENABLE_NS_ASSERTIONS = NO;
				ENABLE_STRICT_OBJC_MSGSEND = YES;
				GCC_C_LANGUAGE_STANDARD = gnu11;
				GCC_NO_COMMON_BLOCKS = YES;
				GCC_WARN_64_TO_32_BIT_CONVERSION = YES;
				GCC_WARN_ABOUT_RETURN_TYPE = YES_ERROR;
				GCC_WARN_UNDECLARED_SELECTOR = YES;
				GCC_WARN_UNINITIALIZED_AUTOS = YES_AGGRESSIVE;
				GCC_WARN_UNUSED_FUNCTION = YES;
				GCC_WARN_UNUSED_VARIABLE = YES;
				MACOSX_DEPLOYMENT_TARGET = 12.0;
				MTL_ENABLE_DEBUG_INFO = NO;
				MTL_FAST_MATH = YES;
				SDKROOT = macosx;
				SWIFT_COMPILATION_MODE = wholemodule;
				SWIFT_OPTIMIZATION_LEVEL = "-O";
			};
			name = Release;
		};
		36DBED18273CE96C00D4A0DB /* Debug */ = {
			isa = XCBuildConfiguration;
			buildSettings = {
				ASSETCATALOG_COMPILER_APPICON_NAME = AppIcon;
				ASSETCATALOG_COMPILER_GLOBAL_ACCENT_COLOR_NAME = AccentColor;
				CODE_SIGN_ENTITLEMENTS = Specht2/Specht2.entitlements;
				CODE_SIGN_IDENTITY = "Apple Development";
				CODE_SIGN_STYLE = Automatic;
				COMBINE_HIDPI_IMAGES = YES;
				CURRENT_PROJECT_VERSION = 1;
				DEVELOPMENT_ASSET_PATHS = "";
				DEVELOPMENT_TEAM = H5443445N6;
				ENABLE_HARDENED_RUNTIME = YES;
				GENERATE_INFOPLIST_FILE = YES;
				INFOPLIST_FILE = Specht2/Info.plist;
				INFOPLIST_KEY_LSApplicationCategoryType = "public.app-category.utilities";
				INFOPLIST_KEY_NSHumanReadableCopyright = "";
				LD_RUNPATH_SEARCH_PATHS = (
					"$(inherited)",
					"@executable_path/../Frameworks",
				);
				LIBRARY_SEARCH_PATHS = (
					"$(inherited)",
					"$(PROJECT_DIR)/Specht2",
				);
				MARKETING_VERSION = 1.0;
				PRODUCT_BUNDLE_IDENTIFIER = me.zhuhaow.Specht2;
				PRODUCT_NAME = "$(TARGET_NAME)";
				SWIFT_EMIT_LOC_STRINGS = YES;
				SWIFT_OBJC_BRIDGING_HEADER = "Specht2/Specht2-Bridging-Header.h";
				SWIFT_VERSION = 5.0;
			};
			name = Debug;
		};
		36DBED19273CE96C00D4A0DB /* Release */ = {
			isa = XCBuildConfiguration;
			buildSettings = {
				ASSETCATALOG_COMPILER_APPICON_NAME = AppIcon;
				ASSETCATALOG_COMPILER_GLOBAL_ACCENT_COLOR_NAME = AccentColor;
				CODE_SIGN_ENTITLEMENTS = Specht2/Specht2.entitlements;
				CODE_SIGN_IDENTITY = "Apple Development";
				CODE_SIGN_STYLE = Automatic;
				COMBINE_HIDPI_IMAGES = YES;
				CURRENT_PROJECT_VERSION = 1;
				DEVELOPMENT_ASSET_PATHS = "";
				DEVELOPMENT_TEAM = H5443445N6;
				ENABLE_HARDENED_RUNTIME = YES;
				GENERATE_INFOPLIST_FILE = YES;
				INFOPLIST_FILE = Specht2/Info.plist;
				INFOPLIST_KEY_LSApplicationCategoryType = "public.app-category.utilities";
				INFOPLIST_KEY_NSHumanReadableCopyright = "";
				LD_RUNPATH_SEARCH_PATHS = (
					"$(inherited)",
					"@executable_path/../Frameworks",
				);
				LIBRARY_SEARCH_PATHS = (
					"$(inherited)",
					"$(PROJECT_DIR)/Specht2",
				);
				MARKETING_VERSION = 1.0;
				PRODUCT_BUNDLE_IDENTIFIER = me.zhuhaow.Specht2;
				PRODUCT_NAME = "$(TARGET_NAME)";
				SWIFT_EMIT_LOC_STRINGS = YES;
				SWIFT_OBJC_BRIDGING_HEADER = "Specht2/Specht2-Bridging-Header.h";
				SWIFT_VERSION = 5.0;
			};
			name = Release;
		};
		36DBED1B273CE96C00D4A0DB /* Debug */ = {
			isa = XCBuildConfiguration;
			buildSettings = {
				ALWAYS_EMBED_SWIFT_STANDARD_LIBRARIES = YES;
				BUNDLE_LOADER = "$(TEST_HOST)";
				CODE_SIGN_STYLE = Automatic;
				COMBINE_HIDPI_IMAGES = YES;
				CURRENT_PROJECT_VERSION = 1;
				DEVELOPMENT_TEAM = H5443445N6;
				GENERATE_INFOPLIST_FILE = YES;
				LD_RUNPATH_SEARCH_PATHS = (
					"$(inherited)",
					"@executable_path/../Frameworks",
					"@loader_path/../Frameworks",
				);
				MACOSX_DEPLOYMENT_TARGET = 12.0;
				MARKETING_VERSION = 1.0;
				PRODUCT_BUNDLE_IDENTIFIER = me.zhuhaow.Specht2Tests;
				PRODUCT_NAME = "$(TARGET_NAME)";
				SWIFT_EMIT_LOC_STRINGS = NO;
				SWIFT_VERSION = 5.0;
				TEST_HOST = "$(BUILT_PRODUCTS_DIR)/Specht2.app/Contents/MacOS/Specht2";
			};
			name = Debug;
		};
		36DBED1C273CE96C00D4A0DB /* Release */ = {
			isa = XCBuildConfiguration;
			buildSettings = {
				ALWAYS_EMBED_SWIFT_STANDARD_LIBRARIES = YES;
				BUNDLE_LOADER = "$(TEST_HOST)";
				CODE_SIGN_STYLE = Automatic;
				COMBINE_HIDPI_IMAGES = YES;
				CURRENT_PROJECT_VERSION = 1;
				DEVELOPMENT_TEAM = H5443445N6;
				GENERATE_INFOPLIST_FILE = YES;
				LD_RUNPATH_SEARCH_PATHS = (
					"$(inherited)",
					"@executable_path/../Frameworks",
					"@loader_path/../Frameworks",
				);
				MACOSX_DEPLOYMENT_TARGET = 12.0;
				MARKETING_VERSION = 1.0;
				PRODUCT_BUNDLE_IDENTIFIER = me.zhuhaow.Specht2Tests;
				PRODUCT_NAME = "$(TARGET_NAME)";
				SWIFT_EMIT_LOC_STRINGS = NO;
				SWIFT_VERSION = 5.0;
				TEST_HOST = "$(BUILT_PRODUCTS_DIR)/Specht2.app/Contents/MacOS/Specht2";
			};
			name = Release;
		};
/* End XCBuildConfiguration section */

/* Begin XCConfigurationList section */
		36298E402774891F00A90377 /* Build configuration list for PBXNativeTarget "me.zhuhaow.Specht2.proxy-helper" */ = {
			isa = XCConfigurationList;
			buildConfigurations = (
				36298E412774891F00A90377 /* Debug */,
				36298E422774891F00A90377 /* Release */,
			);
			defaultConfigurationIsVisible = 0;
			defaultConfigurationName = Release;
		};
		36B3799A276856F500445DF6 /* Build configuration list for PBXNativeTarget "Specht2LaunchHelper" */ = {
			isa = XCConfigurationList;
			buildConfigurations = (
				36B3799B276856F500445DF6 /* Debug */,
				36B3799C276856F500445DF6 /* Release */,
			);
			defaultConfigurationIsVisible = 0;
			defaultConfigurationName = Release;
		};
		36DBECED273CE96B00D4A0DB /* Build configuration list for PBXProject "Specht2" */ = {
			isa = XCConfigurationList;
			buildConfigurations = (
				36DBED15273CE96C00D4A0DB /* Debug */,
				36DBED16273CE96C00D4A0DB /* Release */,
			);
			defaultConfigurationIsVisible = 0;
			defaultConfigurationName = Release;
		};
		36DBED17273CE96C00D4A0DB /* Build configuration list for PBXNativeTarget "Specht2" */ = {
			isa = XCConfigurationList;
			buildConfigurations = (
				36DBED18273CE96C00D4A0DB /* Debug */,
				36DBED19273CE96C00D4A0DB /* Release */,
			);
			defaultConfigurationIsVisible = 0;
			defaultConfigurationName = Release;
		};
		36DBED1A273CE96C00D4A0DB /* Build configuration list for PBXNativeTarget "Specht2Tests" */ = {
			isa = XCConfigurationList;
			buildConfigurations = (
				36DBED1B273CE96C00D4A0DB /* Debug */,
				36DBED1C273CE96C00D4A0DB /* Release */,
			);
			defaultConfigurationIsVisible = 0;
			defaultConfigurationName = Release;
		};
/* End XCConfigurationList section */

/* Begin XCRemoteSwiftPackageReference section */
		36298E1B276AE04200A90377 /* XCRemoteSwiftPackageReference "Then" */ = {
			isa = XCRemoteSwiftPackageReference;
			repositoryURL = "https://github.com/devxoul/Then";
			requirement = {
				kind = upToNextMajorVersion;
				minimumVersion = 2.0.0;
			};
		};
		36B37982276846F700445DF6 /* XCRemoteSwiftPackageReference "Sparkle" */ = {
			isa = XCRemoteSwiftPackageReference;
			repositoryURL = "https://github.com/sparkle-project/Sparkle";
			requirement = {
				branch = 2.x;
				kind = branch;
			};
		};
		36B379852768523F00445DF6 /* XCRemoteSwiftPackageReference "Defaults" */ = {
			isa = XCRemoteSwiftPackageReference;
			repositoryURL = "https://github.com/sindresorhus/Defaults";
			requirement = {
				kind = upToNextMajorVersion;
				minimumVersion = 6.0.0;
			};
		};
		36FFDC512793D0FE009FB8F4 /* XCRemoteSwiftPackageReference "SwiftyXPC" */ = {
			isa = XCRemoteSwiftPackageReference;
			repositoryURL = "https://github.com/zhuhaow/SwiftyXPC";
			requirement = {
				branch = owned_fd;
				kind = branch;
			};
		};
/* End XCRemoteSwiftPackageReference section */

/* Begin XCSwiftPackageProductDependency section */
		36298E1C276AE1FC00A90377 /* Then */ = {
			isa = XCSwiftPackageProductDependency;
			package = 36298E1B276AE04200A90377 /* XCRemoteSwiftPackageReference "Then" */;
			productName = Then;
		};
		369242C92793DAD800B70B87 /* SwiftyXPC */ = {
			isa = XCSwiftPackageProductDependency;
			package = 36FFDC512793D0FE009FB8F4 /* XCRemoteSwiftPackageReference "SwiftyXPC" */;
			productName = SwiftyXPC;
		};
		369242CB2793DADC00B70B87 /* SwiftyXPC */ = {
			isa = XCSwiftPackageProductDependency;
			package = 36FFDC512793D0FE009FB8F4 /* XCRemoteSwiftPackageReference "SwiftyXPC" */;
			productName = SwiftyXPC;
		};
		36B37983276846F700445DF6 /* Sparkle */ = {
			isa = XCSwiftPackageProductDependency;
			package = 36B37982276846F700445DF6 /* XCRemoteSwiftPackageReference "Sparkle" */;
			productName = Sparkle;
		};
		36B379882768559200445DF6 /* Defaults */ = {
			isa = XCSwiftPackageProductDependency;
			package = 36B379852768523F00445DF6 /* XCRemoteSwiftPackageReference "Defaults" */;
			productName = Defaults;
		};
/* End XCSwiftPackageProductDependency section */
	};
	rootObject = 36DBECEA273CE96B00D4A0DB /* Project object */;
}
