// !$*UTF8*$!
{
	archiveVersion = 1;
	classes = {
	};
	objectVersion = 55;
	objects = {

/* Begin PBXBuildFile section */
		36DBECF6273CE96B00D4A0DB /* Specht2App.swift in Sources */ = {isa = PBXBuildFile; fileRef = 36DBECF5273CE96B00D4A0DB /* Specht2App.swift */; };
		36DBECF8273CE96B00D4A0DB /* ContentView.swift in Sources */ = {isa = PBXBuildFile; fileRef = 36DBECF7273CE96B00D4A0DB /* ContentView.swift */; };
		36DBECFA273CE96C00D4A0DB /* Assets.xcassets in Resources */ = {isa = PBXBuildFile; fileRef = 36DBECF9273CE96C00D4A0DB /* Assets.xcassets */; };
		36DBECFD273CE96C00D4A0DB /* Preview Assets.xcassets in Resources */ = {isa = PBXBuildFile; fileRef = 36DBECFC273CE96C00D4A0DB /* Preview Assets.xcassets */; };
		36DBED08273CE96C00D4A0DB /* Specht2Tests.swift in Sources */ = {isa = PBXBuildFile; fileRef = 36DBED07273CE96C00D4A0DB /* Specht2Tests.swift */; };
		36DBED12273CE96C00D4A0DB /* Specht2UITests.swift in Sources */ = {isa = PBXBuildFile; fileRef = 36DBED11273CE96C00D4A0DB /* Specht2UITests.swift */; };
		36DBED14273CE96C00D4A0DB /* Specht2UITestsLaunchTests.swift in Sources */ = {isa = PBXBuildFile; fileRef = 36DBED13273CE96C00D4A0DB /* Specht2UITestsLaunchTests.swift */; };
/* End PBXBuildFile section */

/* Begin PBXContainerItemProxy section */
		36DBED04273CE96C00D4A0DB /* PBXContainerItemProxy */ = {
			isa = PBXContainerItemProxy;
			containerPortal = 36DBECEA273CE96B00D4A0DB /* Project object */;
			proxyType = 1;
			remoteGlobalIDString = 36DBECF1273CE96B00D4A0DB;
			remoteInfo = Specht2;
		};
		36DBED0E273CE96C00D4A0DB /* PBXContainerItemProxy */ = {
			isa = PBXContainerItemProxy;
			containerPortal = 36DBECEA273CE96B00D4A0DB /* Project object */;
			proxyType = 1;
			remoteGlobalIDString = 36DBECF1273CE96B00D4A0DB;
			remoteInfo = Specht2;
		};
/* End PBXContainerItemProxy section */

/* Begin PBXFileReference section */
		36A8435D27528E6F00E6201D /* Specht2-Bridging-Header.h */ = {isa = PBXFileReference; lastKnownFileType = sourcecode.c.h; path = "Specht2-Bridging-Header.h"; sourceTree = "<group>"; };
		36DBECF2273CE96B00D4A0DB /* Specht2.app */ = {isa = PBXFileReference; explicitFileType = wrapper.application; includeInIndex = 0; path = Specht2.app; sourceTree = BUILT_PRODUCTS_DIR; };
		36DBECF5273CE96B00D4A0DB /* Specht2App.swift */ = {isa = PBXFileReference; lastKnownFileType = sourcecode.swift; path = Specht2App.swift; sourceTree = "<group>"; };
		36DBECF7273CE96B00D4A0DB /* ContentView.swift */ = {isa = PBXFileReference; lastKnownFileType = sourcecode.swift; path = ContentView.swift; sourceTree = "<group>"; };
		36DBECF9273CE96C00D4A0DB /* Assets.xcassets */ = {isa = PBXFileReference; lastKnownFileType = folder.assetcatalog; path = Assets.xcassets; sourceTree = "<group>"; };
		36DBECFC273CE96C00D4A0DB /* Preview Assets.xcassets */ = {isa = PBXFileReference; lastKnownFileType = folder.assetcatalog; path = "Preview Assets.xcassets"; sourceTree = "<group>"; };
		36DBECFE273CE96C00D4A0DB /* Specht2.entitlements */ = {isa = PBXFileReference; lastKnownFileType = text.plist.entitlements; path = Specht2.entitlements; sourceTree = "<group>"; };
		36DBED03273CE96C00D4A0DB /* Specht2Tests.xctest */ = {isa = PBXFileReference; explicitFileType = wrapper.cfbundle; includeInIndex = 0; path = Specht2Tests.xctest; sourceTree = BUILT_PRODUCTS_DIR; };
		36DBED07273CE96C00D4A0DB /* Specht2Tests.swift */ = {isa = PBXFileReference; lastKnownFileType = sourcecode.swift; path = Specht2Tests.swift; sourceTree = "<group>"; };
		36DBED0D273CE96C00D4A0DB /* Specht2UITests.xctest */ = {isa = PBXFileReference; explicitFileType = wrapper.cfbundle; includeInIndex = 0; path = Specht2UITests.xctest; sourceTree = BUILT_PRODUCTS_DIR; };
		36DBED11273CE96C00D4A0DB /* Specht2UITests.swift */ = {isa = PBXFileReference; lastKnownFileType = sourcecode.swift; path = Specht2UITests.swift; sourceTree = "<group>"; };
		36DBED13273CE96C00D4A0DB /* Specht2UITestsLaunchTests.swift */ = {isa = PBXFileReference; lastKnownFileType = sourcecode.swift; path = Specht2UITestsLaunchTests.swift; sourceTree = "<group>"; };
		36DBED3D273D0A7100D4A0DB /* NetworkExtension.framework */ = {isa = PBXFileReference; lastKnownFileType = wrapper.framework; name = NetworkExtension.framework; path = System/Library/Frameworks/NetworkExtension.framework; sourceTree = SDKROOT; };
/* End PBXFileReference section */

/* Begin PBXFrameworksBuildPhase section */
		36DBECEF273CE96B00D4A0DB /* Frameworks */ = {
			isa = PBXFrameworksBuildPhase;
			buildActionMask = 2147483647;
			files = (
			);
			runOnlyForDeploymentPostprocessing = 0;
		};
		36DBED00273CE96C00D4A0DB /* Frameworks */ = {
			isa = PBXFrameworksBuildPhase;
			buildActionMask = 2147483647;
			files = (
			);
			runOnlyForDeploymentPostprocessing = 0;
		};
		36DBED0A273CE96C00D4A0DB /* Frameworks */ = {
			isa = PBXFrameworksBuildPhase;
			buildActionMask = 2147483647;
			files = (
			);
			runOnlyForDeploymentPostprocessing = 0;
		};
/* End PBXFrameworksBuildPhase section */

/* Begin PBXGroup section */
		36DBECE9273CE96B00D4A0DB = {
			isa = PBXGroup;
			children = (
				36DBECF4273CE96B00D4A0DB /* Specht2 */,
				36DBED06273CE96C00D4A0DB /* Specht2Tests */,
				36DBED10273CE96C00D4A0DB /* Specht2UITests */,
				36DBED3C273D0A7100D4A0DB /* Frameworks */,
				36DBECF3273CE96B00D4A0DB /* Products */,
			);
			sourceTree = "<group>";
		};
		36DBECF3273CE96B00D4A0DB /* Products */ = {
			isa = PBXGroup;
			children = (
				36DBECF2273CE96B00D4A0DB /* Specht2.app */,
				36DBED03273CE96C00D4A0DB /* Specht2Tests.xctest */,
				36DBED0D273CE96C00D4A0DB /* Specht2UITests.xctest */,
			);
			name = Products;
			sourceTree = "<group>";
		};
		36DBECF4273CE96B00D4A0DB /* Specht2 */ = {
			isa = PBXGroup;
			children = (
				36DBECF5273CE96B00D4A0DB /* Specht2App.swift */,
				36A8435D27528E6F00E6201D /* Specht2-Bridging-Header.h */,
				36DBECF7273CE96B00D4A0DB /* ContentView.swift */,
				36DBECF9273CE96C00D4A0DB /* Assets.xcassets */,
				36DBECFE273CE96C00D4A0DB /* Specht2.entitlements */,
				36DBECFB273CE96C00D4A0DB /* Preview Content */,
			);
			path = Specht2;
			sourceTree = "<group>";
		};
		36DBECFB273CE96C00D4A0DB /* Preview Content */ = {
			isa = PBXGroup;
			children = (
				36DBECFC273CE96C00D4A0DB /* Preview Assets.xcassets */,
			);
			path = "Preview Content";
			sourceTree = "<group>";
		};
		36DBED06273CE96C00D4A0DB /* Specht2Tests */ = {
			isa = PBXGroup;
			children = (
				36DBED07273CE96C00D4A0DB /* Specht2Tests.swift */,
			);
			path = Specht2Tests;
			sourceTree = "<group>";
		};
		36DBED10273CE96C00D4A0DB /* Specht2UITests */ = {
			isa = PBXGroup;
			children = (
				36DBED11273CE96C00D4A0DB /* Specht2UITests.swift */,
				36DBED13273CE96C00D4A0DB /* Specht2UITestsLaunchTests.swift */,
			);
			path = Specht2UITests;
			sourceTree = "<group>";
		};
		36DBED3C273D0A7100D4A0DB /* Frameworks */ = {
			isa = PBXGroup;
			children = (
				36DBED3D273D0A7100D4A0DB /* NetworkExtension.framework */,
			);
			name = Frameworks;
			sourceTree = "<group>";
		};
/* End PBXGroup section */

/* Begin PBXNativeTarget section */
		36DBECF1273CE96B00D4A0DB /* Specht2 */ = {
			isa = PBXNativeTarget;
			buildConfigurationList = 36DBED17273CE96C00D4A0DB /* Build configuration list for PBXNativeTarget "Specht2" */;
			buildPhases = (
				36A8436027528F1C00E6201D /* ShellScript */,
				36DBECEE273CE96B00D4A0DB /* Sources */,
				36DBECEF273CE96B00D4A0DB /* Frameworks */,
				36DBECF0273CE96B00D4A0DB /* Resources */,
			);
			buildRules = (
			);
			dependencies = (
			);
			name = Specht2;
			productName = Specht2;
			productReference = 36DBECF2273CE96B00D4A0DB /* Specht2.app */;
			productType = "com.apple.product-type.application";
		};
		36DBED02273CE96C00D4A0DB /* Specht2Tests */ = {
			isa = PBXNativeTarget;
			buildConfigurationList = 36DBED1A273CE96C00D4A0DB /* Build configuration list for PBXNativeTarget "Specht2Tests" */;
			buildPhases = (
				36DBECFF273CE96C00D4A0DB /* Sources */,
				36DBED00273CE96C00D4A0DB /* Frameworks */,
				36DBED01273CE96C00D4A0DB /* Resources */,
			);
			buildRules = (
			);
			dependencies = (
				36DBED05273CE96C00D4A0DB /* PBXTargetDependency */,
			);
			name = Specht2Tests;
			productName = Specht2Tests;
			productReference = 36DBED03273CE96C00D4A0DB /* Specht2Tests.xctest */;
			productType = "com.apple.product-type.bundle.unit-test";
		};
		36DBED0C273CE96C00D4A0DB /* Specht2UITests */ = {
			isa = PBXNativeTarget;
			buildConfigurationList = 36DBED1D273CE96C00D4A0DB /* Build configuration list for PBXNativeTarget "Specht2UITests" */;
			buildPhases = (
				36DBED09273CE96C00D4A0DB /* Sources */,
				36DBED0A273CE96C00D4A0DB /* Frameworks */,
				36DBED0B273CE96C00D4A0DB /* Resources */,
			);
			buildRules = (
			);
			dependencies = (
				36DBED0F273CE96C00D4A0DB /* PBXTargetDependency */,
			);
			name = Specht2UITests;
			productName = Specht2UITests;
			productReference = 36DBED0D273CE96C00D4A0DB /* Specht2UITests.xctest */;
			productType = "com.apple.product-type.bundle.ui-testing";
		};
/* End PBXNativeTarget section */

/* Begin PBXProject section */
		36DBECEA273CE96B00D4A0DB /* Project object */ = {
			isa = PBXProject;
			attributes = {
				BuildIndependentTargetsInParallel = 1;
				LastSwiftUpdateCheck = 1310;
				LastUpgradeCheck = 1310;
				TargetAttributes = {
					36DBECF1273CE96B00D4A0DB = {
						CreatedOnToolsVersion = 13.1;
					};
					36DBED02273CE96C00D4A0DB = {
						CreatedOnToolsVersion = 13.1;
						TestTargetID = 36DBECF1273CE96B00D4A0DB;
					};
					36DBED0C273CE96C00D4A0DB = {
						CreatedOnToolsVersion = 13.1;
						TestTargetID = 36DBECF1273CE96B00D4A0DB;
					};
				};
			};
			buildConfigurationList = 36DBECED273CE96B00D4A0DB /* Build configuration list for PBXProject "Specht2" */;
			compatibilityVersion = "Xcode 13.0";
			developmentRegion = en;
			hasScannedForEncodings = 0;
			knownRegions = (
				en,
				Base,
			);
			mainGroup = 36DBECE9273CE96B00D4A0DB;
			productRefGroup = 36DBECF3273CE96B00D4A0DB /* Products */;
			projectDirPath = "";
			projectRoot = "";
			targets = (
				36DBECF1273CE96B00D4A0DB /* Specht2 */,
				36DBED02273CE96C00D4A0DB /* Specht2Tests */,
				36DBED0C273CE96C00D4A0DB /* Specht2UITests */,
			);
		};
/* End PBXProject section */

/* Begin PBXResourcesBuildPhase section */
		36DBECF0273CE96B00D4A0DB /* Resources */ = {
			isa = PBXResourcesBuildPhase;
			buildActionMask = 2147483647;
			files = (
				36DBECFD273CE96C00D4A0DB /* Preview Assets.xcassets in Resources */,
				36DBECFA273CE96C00D4A0DB /* Assets.xcassets in Resources */,
			);
			runOnlyForDeploymentPostprocessing = 0;
		};
		36DBED01273CE96C00D4A0DB /* Resources */ = {
			isa = PBXResourcesBuildPhase;
			buildActionMask = 2147483647;
			files = (
			);
			runOnlyForDeploymentPostprocessing = 0;
		};
		36DBED0B273CE96C00D4A0DB /* Resources */ = {
			isa = PBXResourcesBuildPhase;
			buildActionMask = 2147483647;
			files = (
			);
			runOnlyForDeploymentPostprocessing = 0;
		};
/* End PBXResourcesBuildPhase section */

/* Begin PBXShellScriptBuildPhase section */
		36A8436027528F1C00E6201D /* ShellScript */ = {
			isa = PBXShellScriptBuildPhase;
			buildActionMask = 2147483647;
			files = (
			);
			inputFileListPaths = (
			);
			inputPaths = (
			);
			outputFileListPaths = (
			);
			outputPaths = (
				"$(SRC_ROOT)/Specht2/core.h",
			);
			runOnlyForDeploymentPostprocessing = 0;
			shellPath = /bin/sh;
			shellScript = "# Type a script or drag a script file from your workspace to insert its path.\nset -e\n\nexport PATH=\"$HOME/.cargo/bin:$PATH\"\n\ncd \"${SRCROOT}/../core\"\ncbindgen --output \"${SRCROOT}/Specht2/core.h\"\n";
		};
/* End PBXShellScriptBuildPhase section */

/* Begin PBXSourcesBuildPhase section */
		36DBECEE273CE96B00D4A0DB /* Sources */ = {
			isa = PBXSourcesBuildPhase;
			buildActionMask = 2147483647;
			files = (
				36DBECF8273CE96B00D4A0DB /* ContentView.swift in Sources */,
				36DBECF6273CE96B00D4A0DB /* Specht2App.swift in Sources */,
			);
			runOnlyForDeploymentPostprocessing = 0;
		};
		36DBECFF273CE96C00D4A0DB /* Sources */ = {
			isa = PBXSourcesBuildPhase;
			buildActionMask = 2147483647;
			files = (
				36DBED08273CE96C00D4A0DB /* Specht2Tests.swift in Sources */,
			);
			runOnlyForDeploymentPostprocessing = 0;
		};
		36DBED09273CE96C00D4A0DB /* Sources */ = {
			isa = PBXSourcesBuildPhase;
			buildActionMask = 2147483647;
			files = (
				36DBED14273CE96C00D4A0DB /* Specht2UITestsLaunchTests.swift in Sources */,
				36DBED12273CE96C00D4A0DB /* Specht2UITests.swift in Sources */,
			);
			runOnlyForDeploymentPostprocessing = 0;
		};
/* End PBXSourcesBuildPhase section */

/* Begin PBXTargetDependency section */
		36DBED05273CE96C00D4A0DB /* PBXTargetDependency */ = {
			isa = PBXTargetDependency;
			target = 36DBECF1273CE96B00D4A0DB /* Specht2 */;
			targetProxy = 36DBED04273CE96C00D4A0DB /* PBXContainerItemProxy */;
		};
		36DBED0F273CE96C00D4A0DB /* PBXTargetDependency */ = {
			isa = PBXTargetDependency;
			target = 36DBECF1273CE96B00D4A0DB /* Specht2 */;
			targetProxy = 36DBED0E273CE96C00D4A0DB /* PBXContainerItemProxy */;
		};
/* End PBXTargetDependency section */

/* Begin XCBuildConfiguration section */
		36DBED15273CE96C00D4A0DB /* Debug */ = {
			isa = XCBuildConfiguration;
			buildSettings = {
				ALWAYS_SEARCH_USER_PATHS = NO;
				CLANG_ANALYZER_NONNULL = YES;
				CLANG_ANALYZER_NUMBER_OBJECT_CONVERSION = YES_AGGRESSIVE;
				CLANG_CXX_LANGUAGE_STANDARD = "gnu++17";
				CLANG_CXX_LIBRARY = "libc++";
				CLANG_ENABLE_MODULES = YES;
				CLANG_ENABLE_OBJC_ARC = YES;
				CLANG_ENABLE_OBJC_WEAK = YES;
				CLANG_WARN_BLOCK_CAPTURE_AUTORELEASING = YES;
				CLANG_WARN_BOOL_CONVERSION = YES;
				CLANG_WARN_COMMA = YES;
				CLANG_WARN_CONSTANT_CONVERSION = YES;
				CLANG_WARN_DEPRECATED_OBJC_IMPLEMENTATIONS = YES;
				CLANG_WARN_DIRECT_OBJC_ISA_USAGE = YES_ERROR;
				CLANG_WARN_DOCUMENTATION_COMMENTS = YES;
				CLANG_WARN_EMPTY_BODY = YES;
				CLANG_WARN_ENUM_CONVERSION = YES;
				CLANG_WARN_INFINITE_RECURSION = YES;
				CLANG_WARN_INT_CONVERSION = YES;
				CLANG_WARN_NON_LITERAL_NULL_CONVERSION = YES;
				CLANG_WARN_OBJC_IMPLICIT_RETAIN_SELF = YES;
				CLANG_WARN_OBJC_LITERAL_CONVERSION = YES;
				CLANG_WARN_OBJC_ROOT_CLASS = YES_ERROR;
				CLANG_WARN_QUOTED_INCLUDE_IN_FRAMEWORK_HEADER = YES;
				CLANG_WARN_RANGE_LOOP_ANALYSIS = YES;
				CLANG_WARN_STRICT_PROTOTYPES = YES;
				CLANG_WARN_SUSPICIOUS_MOVE = YES;
				CLANG_WARN_UNGUARDED_AVAILABILITY = YES_AGGRESSIVE;
				CLANG_WARN_UNREACHABLE_CODE = YES;
				CLANG_WARN__DUPLICATE_METHOD_MATCH = YES;
				COPY_PHASE_STRIP = NO;
				DEBUG_INFORMATION_FORMAT = dwarf;
				ENABLE_STRICT_OBJC_MSGSEND = YES;
				ENABLE_TESTABILITY = YES;
				GCC_C_LANGUAGE_STANDARD = gnu11;
				GCC_DYNAMIC_NO_PIC = NO;
				GCC_NO_COMMON_BLOCKS = YES;
				GCC_OPTIMIZATION_LEVEL = 0;
				GCC_PREPROCESSOR_DEFINITIONS = (
					"DEBUG=1",
					"$(inherited)",
				);
				GCC_WARN_64_TO_32_BIT_CONVERSION = YES;
				GCC_WARN_ABOUT_RETURN_TYPE = YES_ERROR;
				GCC_WARN_UNDECLARED_SELECTOR = YES;
				GCC_WARN_UNINITIALIZED_AUTOS = YES_AGGRESSIVE;
				GCC_WARN_UNUSED_FUNCTION = YES;
				GCC_WARN_UNUSED_VARIABLE = YES;
				MACOSX_DEPLOYMENT_TARGET = 12.0;
				MTL_ENABLE_DEBUG_INFO = INCLUDE_SOURCE;
				MTL_FAST_MATH = YES;
				ONLY_ACTIVE_ARCH = YES;
				SDKROOT = macosx;
				SWIFT_ACTIVE_COMPILATION_CONDITIONS = DEBUG;
				SWIFT_OPTIMIZATION_LEVEL = "-Onone";
			};
			name = Debug;
		};
		36DBED16273CE96C00D4A0DB /* Release */ = {
			isa = XCBuildConfiguration;
			buildSettings = {
				ALWAYS_SEARCH_USER_PATHS = NO;
				CLANG_ANALYZER_NONNULL = YES;
				CLANG_ANALYZER_NUMBER_OBJECT_CONVERSION = YES_AGGRESSIVE;
				CLANG_CXX_LANGUAGE_STANDARD = "gnu++17";
				CLANG_CXX_LIBRARY = "libc++";
				CLANG_ENABLE_MODULES = YES;
				CLANG_ENABLE_OBJC_ARC = YES;
				CLANG_ENABLE_OBJC_WEAK = YES;
				CLANG_WARN_BLOCK_CAPTURE_AUTORELEASING = YES;
				CLANG_WARN_BOOL_CONVERSION = YES;
				CLANG_WARN_COMMA = YES;
				CLANG_WARN_CONSTANT_CONVERSION = YES;
				CLANG_WARN_DEPRECATED_OBJC_IMPLEMENTATIONS = YES;
				CLANG_WARN_DIRECT_OBJC_ISA_USAGE = YES_ERROR;
				CLANG_WARN_DOCUMENTATION_COMMENTS = YES;
				CLANG_WARN_EMPTY_BODY = YES;
				CLANG_WARN_ENUM_CONVERSION = YES;
				CLANG_WARN_INFINITE_RECURSION = YES;
				CLANG_WARN_INT_CONVERSION = YES;
				CLANG_WARN_NON_LITERAL_NULL_CONVERSION = YES;
				CLANG_WARN_OBJC_IMPLICIT_RETAIN_SELF = YES;
				CLANG_WARN_OBJC_LITERAL_CONVERSION = YES;
				CLANG_WARN_OBJC_ROOT_CLASS = YES_ERROR;
				CLANG_WARN_QUOTED_INCLUDE_IN_FRAMEWORK_HEADER = YES;
				CLANG_WARN_RANGE_LOOP_ANALYSIS = YES;
				CLANG_WARN_STRICT_PROTOTYPES = YES;
				CLANG_WARN_SUSPICIOUS_MOVE = YES;
				CLANG_WARN_UNGUARDED_AVAILABILITY = YES_AGGRESSIVE;
				CLANG_WARN_UNREACHABLE_CODE = YES;
				CLANG_WARN__DUPLICATE_METHOD_MATCH = YES;
				COPY_PHASE_STRIP = NO;
				DEBUG_INFORMATION_FORMAT = "dwarf-with-dsym";
				ENABLE_NS_ASSERTIONS = NO;
				ENABLE_STRICT_OBJC_MSGSEND = YES;
				GCC_C_LANGUAGE_STANDARD = gnu11;
				GCC_NO_COMMON_BLOCKS = YES;
				GCC_WARN_64_TO_32_BIT_CONVERSION = YES;
				GCC_WARN_ABOUT_RETURN_TYPE = YES_ERROR;
				GCC_WARN_UNDECLARED_SELECTOR = YES;
				GCC_WARN_UNINITIALIZED_AUTOS = YES_AGGRESSIVE;
				GCC_WARN_UNUSED_FUNCTION = YES;
				GCC_WARN_UNUSED_VARIABLE = YES;
				MACOSX_DEPLOYMENT_TARGET = 12.0;
				MTL_ENABLE_DEBUG_INFO = NO;
				MTL_FAST_MATH = YES;
				SDKROOT = macosx;
				SWIFT_COMPILATION_MODE = wholemodule;
				SWIFT_OPTIMIZATION_LEVEL = "-O";
			};
			name = Release;
		};
		36DBED18273CE96C00D4A0DB /* Debug */ = {
			isa = XCBuildConfiguration;
			buildSettings = {
				ASSETCATALOG_COMPILER_APPICON_NAME = AppIcon;
				ASSETCATALOG_COMPILER_GLOBAL_ACCENT_COLOR_NAME = AccentColor;
				CODE_SIGN_ENTITLEMENTS = Specht2/Specht2.entitlements;
				CODE_SIGN_STYLE = Automatic;
				COMBINE_HIDPI_IMAGES = YES;
				CURRENT_PROJECT_VERSION = 1;
				DEVELOPMENT_ASSET_PATHS = "\"Specht2/Preview Content\"";
				DEVELOPMENT_TEAM = H5443445N6;
				ENABLE_HARDENED_RUNTIME = YES;
				ENABLE_PREVIEWS = YES;
				GENERATE_INFOPLIST_FILE = YES;
				INFOPLIST_KEY_NSHumanReadableCopyright = "";
				LD_RUNPATH_SEARCH_PATHS = (
					"$(inherited)",
					"@executable_path/../Frameworks",
				);
				MARKETING_VERSION = 1.0;
				PRODUCT_BUNDLE_IDENTIFIER = me.zhuhaow.Specht2;
				PRODUCT_NAME = "$(TARGET_NAME)";
				SWIFT_EMIT_LOC_STRINGS = YES;
				SWIFT_OBJC_BRIDGING_HEADER = "Specht2/Specht2-Bridging-Header.h";
				SWIFT_VERSION = 5.0;
			};
			name = Debug;
		};
		36DBED19273CE96C00D4A0DB /* Release */ = {
			isa = XCBuildConfiguration;
			buildSettings = {
				ASSETCATALOG_COMPILER_APPICON_NAME = AppIcon;
				ASSETCATALOG_COMPILER_GLOBAL_ACCENT_COLOR_NAME = AccentColor;
				CODE_SIGN_ENTITLEMENTS = Specht2/Specht2.entitlements;
				CODE_SIGN_STYLE = Automatic;
				COMBINE_HIDPI_IMAGES = YES;
				CURRENT_PROJECT_VERSION = 1;
				DEVELOPMENT_ASSET_PATHS = "\"Specht2/Preview Content\"";
				DEVELOPMENT_TEAM = H5443445N6;
				ENABLE_HARDENED_RUNTIME = YES;
				ENABLE_PREVIEWS = YES;
				GENERATE_INFOPLIST_FILE = YES;
				INFOPLIST_KEY_NSHumanReadableCopyright = "";
				LD_RUNPATH_SEARCH_PATHS = (
					"$(inherited)",
					"@executable_path/../Frameworks",
				);
				MARKETING_VERSION = 1.0;
				PRODUCT_BUNDLE_IDENTIFIER = me.zhuhaow.Specht2;
				PRODUCT_NAME = "$(TARGET_NAME)";
				SWIFT_EMIT_LOC_STRINGS = YES;
				SWIFT_OBJC_BRIDGING_HEADER = "Specht2/Specht2-Bridging-Header.h";
				SWIFT_VERSION = 5.0;
			};
			name = Release;
		};
		36DBED1B273CE96C00D4A0DB /* Debug */ = {
			isa = XCBuildConfiguration;
			buildSettings = {
				ALWAYS_EMBED_SWIFT_STANDARD_LIBRARIES = YES;
				BUNDLE_LOADER = "$(TEST_HOST)";
				CODE_SIGN_STYLE = Automatic;
				COMBINE_HIDPI_IMAGES = YES;
				CURRENT_PROJECT_VERSION = 1;
				DEVELOPMENT_TEAM = H5443445N6;
				GENERATE_INFOPLIST_FILE = YES;
				LD_RUNPATH_SEARCH_PATHS = (
					"$(inherited)",
					"@executable_path/../Frameworks",
					"@loader_path/../Frameworks",
				);
				MACOSX_DEPLOYMENT_TARGET = 12.0;
				MARKETING_VERSION = 1.0;
				PRODUCT_BUNDLE_IDENTIFIER = me.zhuhaow.Specht2Tests;
				PRODUCT_NAME = "$(TARGET_NAME)";
				SWIFT_EMIT_LOC_STRINGS = NO;
				SWIFT_VERSION = 5.0;
				TEST_HOST = "$(BUILT_PRODUCTS_DIR)/Specht2.app/Contents/MacOS/Specht2";
			};
			name = Debug;
		};
		36DBED1C273CE96C00D4A0DB /* Release */ = {
			isa = XCBuildConfiguration;
			buildSettings = {
				ALWAYS_EMBED_SWIFT_STANDARD_LIBRARIES = YES;
				BUNDLE_LOADER = "$(TEST_HOST)";
				CODE_SIGN_STYLE = Automatic;
				COMBINE_HIDPI_IMAGES = YES;
				CURRENT_PROJECT_VERSION = 1;
				DEVELOPMENT_TEAM = H5443445N6;
				GENERATE_INFOPLIST_FILE = YES;
				LD_RUNPATH_SEARCH_PATHS = (
					"$(inherited)",
					"@executable_path/../Frameworks",
					"@loader_path/../Frameworks",
				);
				MACOSX_DEPLOYMENT_TARGET = 12.0;
				MARKETING_VERSION = 1.0;
				PRODUCT_BUNDLE_IDENTIFIER = me.zhuhaow.Specht2Tests;
				PRODUCT_NAME = "$(TARGET_NAME)";
				SWIFT_EMIT_LOC_STRINGS = NO;
				SWIFT_VERSION = 5.0;
				TEST_HOST = "$(BUILT_PRODUCTS_DIR)/Specht2.app/Contents/MacOS/Specht2";
			};
			name = Release;
		};
		36DBED1E273CE96C00D4A0DB /* Debug */ = {
			isa = XCBuildConfiguration;
			buildSettings = {
				ALWAYS_EMBED_SWIFT_STANDARD_LIBRARIES = YES;
				CODE_SIGN_STYLE = Automatic;
				COMBINE_HIDPI_IMAGES = YES;
				CURRENT_PROJECT_VERSION = 1;
				DEVELOPMENT_TEAM = H5443445N6;
				GENERATE_INFOPLIST_FILE = YES;
				LD_RUNPATH_SEARCH_PATHS = (
					"$(inherited)",
					"@executable_path/../Frameworks",
					"@loader_path/../Frameworks",
				);
				MARKETING_VERSION = 1.0;
				PRODUCT_BUNDLE_IDENTIFIER = me.zhuhaow.Specht2UITests;
				PRODUCT_NAME = "$(TARGET_NAME)";
				SWIFT_EMIT_LOC_STRINGS = NO;
				SWIFT_VERSION = 5.0;
				TEST_TARGET_NAME = Specht2;
			};
			name = Debug;
		};
		36DBED1F273CE96C00D4A0DB /* Release */ = {
			isa = XCBuildConfiguration;
			buildSettings = {
				ALWAYS_EMBED_SWIFT_STANDARD_LIBRARIES = YES;
				CODE_SIGN_STYLE = Automatic;
				COMBINE_HIDPI_IMAGES = YES;
				CURRENT_PROJECT_VERSION = 1;
				DEVELOPMENT_TEAM = H5443445N6;
				GENERATE_INFOPLIST_FILE = YES;
				LD_RUNPATH_SEARCH_PATHS = (
					"$(inherited)",
					"@executable_path/../Frameworks",
					"@loader_path/../Frameworks",
				);
				MARKETING_VERSION = 1.0;
				PRODUCT_BUNDLE_IDENTIFIER = me.zhuhaow.Specht2UITests;
				PRODUCT_NAME = "$(TARGET_NAME)";
				SWIFT_EMIT_LOC_STRINGS = NO;
				SWIFT_VERSION = 5.0;
				TEST_TARGET_NAME = Specht2;
			};
			name = Release;
		};
/* End XCBuildConfiguration section */

/* Begin XCConfigurationList section */
		36DBECED273CE96B00D4A0DB /* Build configuration list for PBXProject "Specht2" */ = {
			isa = XCConfigurationList;
			buildConfigurations = (
				36DBED15273CE96C00D4A0DB /* Debug */,
				36DBED16273CE96C00D4A0DB /* Release */,
			);
			defaultConfigurationIsVisible = 0;
			defaultConfigurationName = Release;
		};
		36DBED17273CE96C00D4A0DB /* Build configuration list for PBXNativeTarget "Specht2" */ = {
			isa = XCConfigurationList;
			buildConfigurations = (
				36DBED18273CE96C00D4A0DB /* Debug */,
				36DBED19273CE96C00D4A0DB /* Release */,
			);
			defaultConfigurationIsVisible = 0;
			defaultConfigurationName = Release;
		};
		36DBED1A273CE96C00D4A0DB /* Build configuration list for PBXNativeTarget "Specht2Tests" */ = {
			isa = XCConfigurationList;
			buildConfigurations = (
				36DBED1B273CE96C00D4A0DB /* Debug */,
				36DBED1C273CE96C00D4A0DB /* Release */,
			);
			defaultConfigurationIsVisible = 0;
			defaultConfigurationName = Release;
		};
		36DBED1D273CE96C00D4A0DB /* Build configuration list for PBXNativeTarget "Specht2UITests" */ = {
			isa = XCConfigurationList;
			buildConfigurations = (
				36DBED1E273CE96C00D4A0DB /* Debug */,
				36DBED1F273CE96C00D4A0DB /* Release */,
			);
			defaultConfigurationIsVisible = 0;
			defaultConfigurationName = Release;
		};
/* End XCConfigurationList section */
	};
	rootObject = 36DBECEA273CE96B00D4A0DB /* Project object */;
}
